
Microsoft Visual Studio Solution File, Format Version 12.00
# Visual Studio Version 16
VisualStudioVersion = 16.0.31729.503
MinimumVisualStudioVersion = 10.0.40219.1
Project("{CC5FD16D-436D-48AD-A40C-5A424C6E3E79}") = "flatshare", "flatshare\flatshare.ccproj", "{BACA966D-B96A-4431-8077-97FD2C5A039F}"
EndProject
Project("{FAE04EC0-301F-11D3-BF4B-00C04F79EFBC}") = "WebRole", "WebRole\WebRole.csproj", "{13F9EF89-D2A5-4094-ABE9-D7C0336F953F}"
EndProject
Global
	GlobalSection(SolutionConfigurationPlatforms) = preSolution
		Debug|Any CPU = Debug|Any CPU
		Release|Any CPU = Release|Any CPU
	EndGlobalSection
	GlobalSection(ProjectConfigurationPlatforms) = postSolution
		{BACA966D-B96A-4431-8077-97FD2C5A039F}.Debug|Any CPU.ActiveCfg = Debug|Any CPU
		{BACA966D-B96A-4431-8077-97FD2C5A039F}.Debug|Any CPU.Build.0 = Debug|Any CPU
		{BACA966D-B96A-4431-8077-97FD2C5A039F}.Release|Any CPU.ActiveCfg = Release|Any CPU
		{BACA966D-B96A-4431-8077-97FD2C5A039F}.Release|Any CPU.Build.0 = Release|Any CPU
		{13F9EF89-D2A5-4094-ABE9-D7C0336F953F}.Debug|Any CPU.ActiveCfg = Debug|Any CPU
		{13F9EF89-D2A5-4094-ABE9-D7C0336F953F}.Debug|Any CPU.Build.0 = Debug|Any CPU
		{13F9EF89-D2A5-4094-ABE9-D7C0336F953F}.Release|Any CPU.ActiveCfg = Release|Any CPU
		{13F9EF89-D2A5-4094-ABE9-D7C0336F953F}.Release|Any CPU.Build.0 = Release|Any CPU
	EndGlobalSection
	GlobalSection(SolutionProperties) = preSolution
		HideSolutionNode = FALSE
	EndGlobalSection
	GlobalSection(ExtensibilityGlobals) = postSolution
		SolutionGuid = {A6184573-7BEC-4C1D-90D0-D5EC57070110}
	EndGlobalSection
EndGlobal
